
Microsoft Visual Studio Solution File, Format Version 12.00
# Visual Studio Version 17
VisualStudioVersion = 17.13.35931.197 d17.13
MinimumVisualStudioVersion = 10.0.40219.1
Project("{FAE04EC0-301F-11D3-BF4B-00C04F79EFBC}") = "WebApplicationRabbitMqSignalR", "WebApplicationRabbitMqSignalR\WebApplicationRabbitMqSignalR.csproj", "{6E1A1BD8-37BC-4E1C-AF39-B8AE6FD7B648}"
EndProject
Project("{FAE04EC0-301F-11D3-BF4B-00C04F79EFBC}") = "Web.RabbitMq.Client", "Web.RabbitMq.Client\Web.RabbitMq.Client.csproj", "{43A48644-B3E9-4A13-9551-02C9ED47295F}"
EndProject
Global
	GlobalSection(SolutionConfigurationPlatforms) = preSolution
		Debug|Any CPU = Debug|Any CPU
		Release|Any CPU = Release|Any CPU
	EndGlobalSection
	GlobalSection(ProjectConfigurationPlatforms) = postSolution
		{6E1A1BD8-37BC-4E1C-AF39-B8AE6FD7B648}.Debug|Any CPU.ActiveCfg = Debug|Any CPU
		{6E1A1BD8-37BC-4E1C-AF39-B8AE6FD7B648}.Debug|Any CPU.Build.0 = Debug|Any CPU
		{6E1A1BD8-37BC-4E1C-AF39-B8AE6FD7B648}.Release|Any CPU.ActiveCfg = Release|Any CPU
		{6E1A1BD8-37BC-4E1C-AF39-B8AE6FD7B648}.Release|Any CPU.Build.0 = Release|Any CPU
		{43A48644-B3E9-4A13-9551-02C9ED47295F}.Debug|Any CPU.ActiveCfg = Debug|Any CPU
		{43A48644-B3E9-4A13-9551-02C9ED47295F}.Debug|Any CPU.Build.0 = Debug|Any CPU
		{43A48644-B3E9-4A13-9551-02C9ED47295F}.Release|Any CPU.ActiveCfg = Release|Any CPU
		{43A48644-B3E9-4A13-9551-02C9ED47295F}.Release|Any CPU.Build.0 = Release|Any CPU
	EndGlobalSection
	GlobalSection(SolutionProperties) = preSolution
		HideSolutionNode = FALSE
	EndGlobalSection
	GlobalSection(ExtensibilityGlobals) = postSolution
		SolutionGuid = {02728B3A-805A-4689-BFD7-87BE90AAC1E4}
	EndGlobalSection
EndGlobal
